
Microsoft Visual Studio Solution File, Format Version 12.00
# Visual Studio Version 16
VisualStudioVersion = 16.0.29519.87
MinimumVisualStudioVersion = 10.0.40219.1
Project("{9A19103F-16F7-4668-BE54-9A1E7A4F7556}") = "Sample.Web", "Sample.Web\Sample.Web.csproj", "{F8A79BC0-CE88-49E0-8C42-A924371E0A05}"
EndProject
Project("{2150E333-8FDC-42A3-9474-1A3956D46DE8}") = "Solution Items", "Solution Items", "{62717AA5-2F4F-49A6-A92E-CB3E2CAAB05D}"
	ProjectSection(SolutionItems) = preProject
		..\README.md = ..\README.md
	EndProjectSection
EndProject
Global
	GlobalSection(SolutionConfigurationPlatforms) = preSolution
		Debug|Any CPU = Debug|Any CPU
		Release|Any CPU = Release|Any CPU
	EndGlobalSection
	GlobalSection(ProjectConfigurationPlatforms) = postSolution
		{F8A79BC0-CE88-49E0-8C42-A924371E0A05}.Debug|Any CPU.ActiveCfg = Debug|Any CPU
		{F8A79BC0-CE88-49E0-8C42-A924371E0A05}.Debug|Any CPU.Build.0 = Debug|Any CPU
		{F8A79BC0-CE88-49E0-8C42-A924371E0A05}.Release|Any CPU.ActiveCfg = Release|Any CPU
		{F8A79BC0-CE88-49E0-8C42-A924371E0A05}.Release|Any CPU.Build.0 = Release|Any CPU
	EndGlobalSection
	GlobalSection(SolutionProperties) = preSolution
		HideSolutionNode = FALSE
	EndGlobalSection
	GlobalSection(ExtensibilityGlobals) = postSolution
		SolutionGuid = {C1715D15-4C26-42F6-98EF-4C78F4A82F15}
	EndGlobalSection
EndGlobal
