
Microsoft Visual Studio Solution File, Format Version 12.00
# Visual Studio Version 16
VisualStudioVersion = 16.0.29519.87
MinimumVisualStudioVersion = 10.0.40219.1
Project("{9A19103F-16F7-4668-BE54-9A1E7A4F7556}") = "Web.API", "Sample.Web.API\Web.API\Web.API.csproj", "{F8A79BC0-CE88-49E0-8C42-A924371E0A05}"
EndProject
Project("{2150E333-8FDC-42A3-9474-1A3956D46DE8}") = "Solution Items", "Solution Items", "{62717AA5-2F4F-49A6-A92E-CB3E2CAAB05D}"
	ProjectSection(SolutionItems) = preProject
		Directory.Build.props = Directory.Build.props
		..\README.md = ..\README.md
	EndProjectSection
EndProject
Project("{9A19103F-16F7-4668-BE54-9A1E7A4F7556}") = "Web.API.Services", "Sample.Web.API\Web.API.Services\Web.API.Services.csproj", "{2C2A8F60-CA18-416F-81A2-F3DBDFC05478}"
EndProject
Project("{2150E333-8FDC-42A3-9474-1A3956D46DE8}") = "Sample.Web.API", "Sample.Web.API", "{5A2F134D-6396-4EE1-8784-420847788DB7}"
EndProject
Project("{9A19103F-16F7-4668-BE54-9A1E7A4F7556}") = "Web.API.Tests", "Sample.Web.API\Web.API.Tests\Web.API.Tests.csproj", "{758DE5B8-B833-4705-A82B-54D9679160BD}"
EndProject
Global
	GlobalSection(SolutionConfigurationPlatforms) = preSolution
		Debug|Any CPU = Debug|Any CPU
		Release|Any CPU = Release|Any CPU
	EndGlobalSection
	GlobalSection(ProjectConfigurationPlatforms) = postSolution
		{F8A79BC0-CE88-49E0-8C42-A924371E0A05}.Debug|Any CPU.ActiveCfg = Debug|Any CPU
		{F8A79BC0-CE88-49E0-8C42-A924371E0A05}.Debug|Any CPU.Build.0 = Debug|Any CPU
		{F8A79BC0-CE88-49E0-8C42-A924371E0A05}.Release|Any CPU.ActiveCfg = Release|Any CPU
		{F8A79BC0-CE88-49E0-8C42-A924371E0A05}.Release|Any CPU.Build.0 = Release|Any CPU
		{2C2A8F60-CA18-416F-81A2-F3DBDFC05478}.Debug|Any CPU.ActiveCfg = Debug|Any CPU
		{2C2A8F60-CA18-416F-81A2-F3DBDFC05478}.Debug|Any CPU.Build.0 = Debug|Any CPU
		{2C2A8F60-CA18-416F-81A2-F3DBDFC05478}.Release|Any CPU.ActiveCfg = Release|Any CPU
		{2C2A8F60-CA18-416F-81A2-F3DBDFC05478}.Release|Any CPU.Build.0 = Release|Any CPU
		{758DE5B8-B833-4705-A82B-54D9679160BD}.Debug|Any CPU.ActiveCfg = Debug|Any CPU
		{758DE5B8-B833-4705-A82B-54D9679160BD}.Debug|Any CPU.Build.0 = Debug|Any CPU
		{758DE5B8-B833-4705-A82B-54D9679160BD}.Release|Any CPU.ActiveCfg = Release|Any CPU
		{758DE5B8-B833-4705-A82B-54D9679160BD}.Release|Any CPU.Build.0 = Release|Any CPU
	EndGlobalSection
	GlobalSection(SolutionProperties) = preSolution
		HideSolutionNode = FALSE
	EndGlobalSection
	GlobalSection(NestedProjects) = preSolution
		{F8A79BC0-CE88-49E0-8C42-A924371E0A05} = {5A2F134D-6396-4EE1-8784-420847788DB7}
		{2C2A8F60-CA18-416F-81A2-F3DBDFC05478} = {5A2F134D-6396-4EE1-8784-420847788DB7}
		{758DE5B8-B833-4705-A82B-54D9679160BD} = {5A2F134D-6396-4EE1-8784-420847788DB7}
	EndGlobalSection
	GlobalSection(ExtensibilityGlobals) = postSolution
		SolutionGuid = {C1715D15-4C26-42F6-98EF-4C78F4A82F15}
	EndGlobalSection
EndGlobal
